{
  "version": "2",
  "remote": {
    "https://deno.land/std@0.198.0/assert/assert.ts": "9a97dad6d98c238938e7540736b826440ad8c1c1e54430ca4c4e623e585607ee",
    "https://deno.land/std@0.198.0/assert/assertion_error.ts": "4d0bde9b374dfbcbe8ac23f54f567b77024fb67dbb1906a852d67fe050d42f56",
    "https://deno.land/std@0.198.0/async/abortable.ts": "fd682fa46f3b7b16b4606a5ab52a7ce309434b76f820d3221bdfb862719a15d7",
    "https://deno.land/std@0.198.0/async/deadline.ts": "58f72a3cc0fcb731b2cc055ba046f4b5be3349ff6bf98f2e793c3b969354aab2",
    "https://deno.land/std@0.198.0/async/debounce.ts": "adab11d04ca38d699444ac8a9d9856b4155e8dda2afd07ce78276c01ea5a4332",
    "https://deno.land/std@0.198.0/async/deferred.ts": "42790112f36a75a57db4a96d33974a936deb7b04d25c6084a9fa8a49f135def8",
    "https://deno.land/std@0.198.0/async/delay.ts": "a6142eb44cdd856b645086af2b811b1fcce08ec06bb7d50969e6a872ee9b8659",
    "https://deno.land/std@0.198.0/async/mod.ts": "f04344fa21738e5ad6bea37a6bfffd57c617c2d372bb9f9dcfd118a1b622e576",
    "https://deno.land/std@0.198.0/async/mux_async_iterator.ts": "70c7f2ee4e9466161350473ad61cac0b9f115cff4c552eaa7ef9d50c4cbb4cc9",
    "https://deno.land/std@0.198.0/async/pool.ts": "f1b8d3df4d7fd3c73f8cbc91cc2e8b8e950910f1eab94230b443944d7584c657",
    "https://deno.land/std@0.198.0/async/retry.ts": "296fb9c323e1325a69bee14ba947e7da7409a8dd9dd646d70cb51ea0d301f24e",
    "https://deno.land/std@0.198.0/async/tee.ts": "47e42d35f622650b02234d43803d0383a89eb4387e1b83b5a40106d18ae36757",
    "https://deno.land/std@0.198.0/crypto/_fnv/fnv32.ts": "e4649dfdefc5c987ed53c3c25db62db771a06d9d1b9c36d2b5cf0853b8e82153",
    "https://deno.land/std@0.198.0/crypto/_fnv/fnv64.ts": "bfa0e4702061fdb490a14e6bf5f9168a22fb022b307c5723499469bfefca555e",
    "https://deno.land/std@0.198.0/crypto/_fnv/mod.ts": "f956a95f58910f223e420340b7404702ecd429603acd4491fa77af84f746040c",
    "https://deno.land/std@0.198.0/crypto/_fnv/util.ts": "accba12bfd80a352e32a872f87df2a195e75561f1b1304a4cb4f5a4648d288f9",
    "https://deno.land/std@0.198.0/crypto/_wasm/lib/deno_std_wasm_crypto.generated.mjs": "85b50eee2e511584698c04f1d84155e57452ea963106fee64987c326e9e5d25d",
    "https://deno.land/std@0.198.0/crypto/_wasm/mod.ts": "973058e70052c98292b567d1c8396dffc28d6dfc6a44f0763032f6fbdf5222f5",
    "https://deno.land/std@0.198.0/crypto/crypto.ts": "731dffeb3054ddca38e6279a6ad718abef0fb6e218639c496d1c208db70e55e4",
    "https://deno.land/std@0.198.0/crypto/keystack.ts": "877ab0f19eb7d37ad6495190d3c3e39f58e9c52e0b6a966f82fd6df67ca55f90",
    "https://deno.land/std@0.198.0/crypto/mod.ts": "ae384519e85eca9aeff4e7111ed153df8f3dbda7b35b70850ed4b3e9c8cec4d5",
    "https://deno.land/std@0.198.0/crypto/timing_safe_equal.ts": "7b0a4d2ef1c17590e0ad6c0cb1776369d2ba80cd99e945005e117851690507fe",
    "https://deno.land/std@0.198.0/crypto/to_hash_string.ts": "6927c768f3e373a1be4a31555a45ccecf7bd413105455cc334ad3f908cfa986f",
    "https://deno.land/std@0.198.0/encoding/base64.ts": "144ae6234c1fbe5b68666c711dc15b1e9ee2aef6d42b3b4345bf9a6c91d70d0d",
    "https://deno.land/std@0.198.0/encoding/base64url.ts": "2ed4ba122b20fedf226c5d337cf22ee2024fa73a8f85d915d442af7e9ce1fae1",
    "https://deno.land/std@0.198.0/encoding/hex.ts": "b4b1a7cb678745b0bf181ed8cf2498c7be00d121a7de244b752fbf9c7d9c48cd",
    "https://deno.land/std@0.198.0/http/server.ts": "3cd5a8acc31d3259813ddcfa7dd2fe066952db6763fc7a58b9a026d4b5af9559",
    "https://esm.sh/micromark@4.0.0": "6d898faf83500b05212b95af2a4d419a3293022a37ace35ccd19871832211038",
    "https://esm.sh/v130/character-entities@2.0.2/denonext/character-entities.mjs": "9e8657f056310ac3ca8058eaf96cef695ee13a4bf6c302674796a882464f305c",
    "https://esm.sh/v130/decode-named-character-reference@1.0.2/denonext/decode-named-character-reference.mjs": "b1394c7ef994f6f25cf1e6b9c5606921a1d63b30fb4a5c677130096ff01a88ef",
    "https://esm.sh/v130/micromark-core-commonmark@2.0.0/denonext/micromark-core-commonmark.mjs": "4da21fc010e9a5435a869f4dd150f852dd75ff28ae787a91d0a9820d6524337d",
    "https://esm.sh/v130/micromark-factory-destination@2.0.0/denonext/micromark-factory-destination.mjs": "c14945544042dfcd160a1d370230f8e135123ee0adc2268452b8893d2ea26672",
    "https://esm.sh/v130/micromark-factory-label@2.0.0/denonext/micromark-factory-label.mjs": "ebf030a1f29d83ecf34a2b6a612e04e2252fe4e1df804bc4b0a84c7504ec11c9",
    "https://esm.sh/v130/micromark-factory-space@2.0.0/denonext/micromark-factory-space.mjs": "2534772e76c66dbb0159d1a9217153b51b89514bb7bad02f1cb29f2c511ffe5c",
    "https://esm.sh/v130/micromark-factory-title@2.0.0/denonext/micromark-factory-title.mjs": "1b066f4173f1437c884d6f2212bb0f9811001d9a6024e0b2cc13c0eeb3b6313d",
    "https://esm.sh/v130/micromark-factory-whitespace@2.0.0/denonext/micromark-factory-whitespace.mjs": "942dbb13ea091068f40adc049d5bfc0c4d23362fd3aaa1b7191789f810f75d95",
    "https://esm.sh/v130/micromark-util-character@2.0.1/denonext/micromark-util-character.mjs": "18b451d148e1ccc3a9b18e5c4061d44a0485e8ec65ad805d20b2950a51c7213b",
    "https://esm.sh/v130/micromark-util-chunked@2.0.0/denonext/micromark-util-chunked.mjs": "531cf323ba53649fdc30cd39ebba54253dfd847a4b23f806058ecc6cf67bca69",
    "https://esm.sh/v130/micromark-util-classify-character@2.0.0/denonext/micromark-util-classify-character.mjs": "290004b739e287d4ee4c28f42f4e5199b3caea6c691b6ebab1bd5e548bb7e0b5",
    "https://esm.sh/v130/micromark-util-combine-extensions@2.0.0/denonext/micromark-util-combine-extensions.mjs": "fc640d99650e73bcff49eb73077f53b679d518f9abdcf0d342fbec4ed7c10428",
    "https://esm.sh/v130/micromark-util-decode-numeric-character-reference@2.0.0/denonext/micromark-util-decode-numeric-character-reference.mjs": "5b73fb26d75893046bd4c7a8294cd58f2c60453dd42e1d99d3a0670105686057",
    "https://esm.sh/v130/micromark-util-encode@2.0.0/denonext/micromark-util-encode.mjs": "6077703d774b2fd968ef53977add5d5d1e39ca0db74c5ee4359c540a5febcf48",
    "https://esm.sh/v130/micromark-util-html-tag-name@2.0.0/denonext/micromark-util-html-tag-name.mjs": "a32f6a4aa82498405a88103fd5b0b2e27a8c7f27dc506862f993bf1a1f1716b6",
    "https://esm.sh/v130/micromark-util-normalize-identifier@2.0.0/denonext/micromark-util-normalize-identifier.mjs": "f5b933ea50544d63e505ef11b7f257b97c5056e06417bac15ec02d3f00174c0e",
    "https://esm.sh/v130/micromark-util-resolve-all@2.0.0/denonext/micromark-util-resolve-all.mjs": "c11d87d63d808a26231323012295490931159830a66c00854693ec9279fa09fd",
    "https://esm.sh/v130/micromark-util-sanitize-uri@2.0.0/denonext/micromark-util-sanitize-uri.mjs": "92c4192f97884076b258b26768b195727c83dc6ea1315899782db83c81eb4a9a",
    "https://esm.sh/v130/micromark-util-subtokenize@2.0.0/denonext/micromark-util-subtokenize.mjs": "ddfbd03c2280add60f3590aeb7ec10894e1587fbd65d939293170e5070944aa0",
    "https://esm.sh/v130/micromark@4.0.0/denonext/micromark.mjs": "2a8b39dda80973e68dabbfe9768011d87905a80addd81eb6065f816f424ce87f"
  },
  "npm": {
    "specifiers": {
      "yaml": "yaml@2.3.1"
    },
    "packages": {
      "yaml@2.3.1": {
        "integrity": "sha512-2eHWfjaoXgTBC2jNM1LRef62VQa0umtvRiDSk6HSzW7RvS5YtkabJrwYLLEKWBc8a5U2PTSCs+dJjUTJdlHsWQ==",
        "dependencies": {}
      }
    }
  }
}
