{
  "version": "2",
  "remote": {
    "https://deno.land/std@0.192.0/_util/asserts.ts": "178dfc49a464aee693a7e285567b3d0b555dc805ff490505a8aae34f9cfb1462",
    "https://deno.land/std@0.192.0/async/abortable.ts": "fd682fa46f3b7b16b4606a5ab52a7ce309434b76f820d3221bdfb862719a15d7",
    "https://deno.land/std@0.192.0/async/deadline.ts": "58f72a3cc0fcb731b2cc055ba046f4b5be3349ff6bf98f2e793c3b969354aab2",
    "https://deno.land/std@0.192.0/async/debounce.ts": "adab11d04ca38d699444ac8a9d9856b4155e8dda2afd07ce78276c01ea5a4332",
    "https://deno.land/std@0.192.0/async/deferred.ts": "42790112f36a75a57db4a96d33974a936deb7b04d25c6084a9fa8a49f135def8",
    "https://deno.land/std@0.192.0/async/delay.ts": "73aa04cec034c84fc748c7be49bb15cac3dd43a57174bfdb7a4aec22c248f0dd",
    "https://deno.land/std@0.192.0/async/mod.ts": "f04344fa21738e5ad6bea37a6bfffd57c617c2d372bb9f9dcfd118a1b622e576",
    "https://deno.land/std@0.192.0/async/mux_async_iterator.ts": "70c7f2ee4e9466161350473ad61cac0b9f115cff4c552eaa7ef9d50c4cbb4cc9",
    "https://deno.land/std@0.192.0/async/pool.ts": "f1b8d3df4d7fd3c73f8cbc91cc2e8b8e950910f1eab94230b443944d7584c657",
    "https://deno.land/std@0.192.0/async/retry.ts": "6521c061a5ab24e8b1ae624bdc581c4243d1d574f99dc7f5a2a195c2241fb1b8",
    "https://deno.land/std@0.192.0/async/tee.ts": "47e42d35f622650b02234d43803d0383a89eb4387e1b83b5a40106d18ae36757",
    "https://deno.land/std@0.192.0/fmt/colors.ts": "d67e3cd9f472535241a8e410d33423980bec45047e343577554d3356e1f0ef4e",
    "https://deno.land/std@0.192.0/http/server.ts": "1b23463b5b36e4eebc495417f6af47a6f7d52e3294827a1226d2a1aab23d9d20",
    "https://deno.land/std@0.192.0/testing/_diff.ts": "1a3c044aedf77647d6cac86b798c6417603361b66b54c53331b312caeb447aea",
    "https://deno.land/std@0.192.0/testing/_format.ts": "a69126e8a469009adf4cf2a50af889aca364c349797e63174884a52ff75cf4c7",
    "https://deno.land/std@0.192.0/testing/_test_suite.ts": "30f018feeb3835f12ab198d8a518f9089b1bcb2e8c838a8b615ab10d5005465c",
    "https://deno.land/std@0.192.0/testing/asserts.ts": "e16d98b4d73ffc4ed498d717307a12500ae4f2cbe668f1a215632d19fcffc22f",
    "https://deno.land/std@0.192.0/testing/bdd.ts": "59f7f7503066d66a12e50ace81bfffae5b735b6be1208f5684b630ae6b4de1d0",
    "https://esm.sh/micromark@3.2.0": "278302d6b4e8e8dcd98573ac425891837f7c1f5b2ab3cdf8a21154ff91ba776e",
    "https://esm.sh/v130/character-entities@2.0.2/denonext/character-entities.mjs": "9e8657f056310ac3ca8058eaf96cef695ee13a4bf6c302674796a882464f305c",
    "https://esm.sh/v130/decode-named-character-reference@1.0.2/denonext/decode-named-character-reference.mjs": "b1394c7ef994f6f25cf1e6b9c5606921a1d63b30fb4a5c677130096ff01a88ef",
    "https://esm.sh/v130/micromark-core-commonmark@1.1.0/denonext/micromark-core-commonmark.mjs": "3812985f18babd446cb8b7a68f266388977a0a19bf6fc9b439da230fdd0b05bf",
    "https://esm.sh/v130/micromark-factory-destination@1.1.0/denonext/micromark-factory-destination.mjs": "b3ceb4309ad8d8330925a7c6edebcfa4c0ddc7c84ed489d94e96a5c3e093511a",
    "https://esm.sh/v130/micromark-factory-label@1.1.0/denonext/micromark-factory-label.mjs": "4f9bf7eff9d1eec92ab4e0712ed260e85d58dc8ae5f993f224f8271f6028cdca",
    "https://esm.sh/v130/micromark-factory-space@1.1.0/denonext/micromark-factory-space.mjs": "5393b2277e50dcdff86d4587382172b9e521e2ae30e069b6435355fe7080c430",
    "https://esm.sh/v130/micromark-factory-title@1.1.0/denonext/micromark-factory-title.mjs": "b9841cafb1462f2882579f01b0e3b9aa76b7eef72d30c01f3e9ba684b4d553d1",
    "https://esm.sh/v130/micromark-factory-whitespace@1.1.0/denonext/micromark-factory-whitespace.mjs": "e0ef57848a03b21a7b8fb1ec8ddfb265daf86a55457118d9335cb3133fe2701a",
    "https://esm.sh/v130/micromark-util-character@1.2.0/denonext/micromark-util-character.mjs": "be2f95646c829378e2f33d0e8b03e7e057f2387cd54f9c18c3d48a87fbc909c9",
    "https://esm.sh/v130/micromark-util-chunked@1.1.0/denonext/micromark-util-chunked.mjs": "896f816c52b791283f998076bcea3ff9a4bbd2bf858d96be6079400939ae8c9d",
    "https://esm.sh/v130/micromark-util-classify-character@1.1.0/denonext/micromark-util-classify-character.mjs": "874e90c60a044ca592c1c0f0ea525d4d5f33bf0f66564ad4ec72f6e89b298f9e",
    "https://esm.sh/v130/micromark-util-combine-extensions@1.1.0/denonext/micromark-util-combine-extensions.mjs": "59c02a19ca424380e735a81835598ce0b71aab347b4e3276efc87f3ba3f2d7c5",
    "https://esm.sh/v130/micromark-util-decode-numeric-character-reference@1.1.0/denonext/micromark-util-decode-numeric-character-reference.mjs": "d9d2a8fc3648db44a49c0284d088db354b39c5623e1497c4127ad103594a7948",
    "https://esm.sh/v130/micromark-util-encode@1.1.0/denonext/micromark-util-encode.mjs": "e9c399d8913ebe2b736a8259fb061740fd8ad632e7f933e27fb67f442c7e48e3",
    "https://esm.sh/v130/micromark-util-html-tag-name@1.2.0/denonext/micromark-util-html-tag-name.mjs": "81ed9b1fe3f6dd5290991b4bf39d034ddfd6cdbb4f5352ab61769e4c2eb3fbd3",
    "https://esm.sh/v130/micromark-util-normalize-identifier@1.1.0/denonext/micromark-util-normalize-identifier.mjs": "27b873a22954a139d8215b722b0a867b4f1f718cd261ea3f884f997a0d3e0e08",
    "https://esm.sh/v130/micromark-util-resolve-all@1.1.0/denonext/micromark-util-resolve-all.mjs": "ee8f55a86b2bfcc1be3d15bbd8b106755a51916ae4c75c962cc044f6b2a22d46",
    "https://esm.sh/v130/micromark-util-sanitize-uri@1.2.0/denonext/micromark-util-sanitize-uri.mjs": "c2dc3925ffe931d1c2c37784e382fca717d1ad4f807471629bde6e8b6338d5f4",
    "https://esm.sh/v130/micromark-util-subtokenize@1.1.0/denonext/micromark-util-subtokenize.mjs": "5fdbca9aa001299b9ab13fc35d8d5f47fee55793703bfd914bce03246b887212",
    "https://esm.sh/v130/micromark@3.2.0/denonext/lib/compile.js": "5e7c474c5b548872764037dccc84bea96de33e0f55ae13c44c4b779dac6f524a",
    "https://esm.sh/v130/micromark@3.2.0/denonext/lib/parse.js": "06948bf2586f66f4f96c12a10386a3cb20d8b72a0d738953cf5913e55ce06d16",
    "https://esm.sh/v130/micromark@3.2.0/denonext/lib/postprocess.js": "bc1177cff416aa55b6dfd44b7341cda767b6fee28842782f20bc50ff4cad4b88",
    "https://esm.sh/v130/micromark@3.2.0/denonext/lib/preprocess.js": "786db83c43e9d21f14bc37b6c05f061ca4a1db862ffed10c07ca1e6843f73fae",
    "https://esm.sh/v130/micromark@3.2.0/denonext/micromark.mjs": "e7ff9a0f94c82b176f7a096d7609a21b72478db94e5ed9778e7b33c41053f841"
  }
}
